<?xml version="1.0" encoding="utf-8"?>
<Project ToolsVersion="4.0" xmlns="http://schemas.microsoft.com/developer/msbuild/2003">
  <ItemGroup>
    <Filter Include="Pliki źródłowe">
      <UniqueIdentifier>{4FC737F1-C7A5-4376-A066-2A32D752A2FF}</UniqueIdentifier>
      <Extensions>cpp;c;cc;cxx;c++;cppm;ixx;def;odl;idl;hpj;bat;asm;asmx</Extensions>
    </Filter>
    <Filter Include="Pliki nagłówkowe">
      <UniqueIdentifier>{93995380-89BD-4b04-88EB-625FBE52EBFB}</UniqueIdentifier>
      <Extensions>h;hh;hpp;hxx;h++;hm;inl;inc;ipp;xsd</Extensions>
    </Filter>
    <Filter Include="Pliki zasobów">
      <UniqueIdentifier>{67DA6AB6-F800-4c08-8B7A-83BB121AAD01}</UniqueIdentifier>
      <Extensions>rc;ico;cur;bmp;dlg;rc2;rct;bin;rgs;gif;jpg;jpeg;jpe;resx;tiff;tif;png;wav;mfcribbon-ms</Extensions>
    </Filter>
    <Filter Include="Pliki źródłowe\Sort">
      <UniqueIdentifier>{3dbd3fd7-5fbc-475d-83fb-b32e06e6d5f4}</UniqueIdentifier>
    </Filter>
    <Filter Include="Pliki źródłowe\Sort\SortTypes">
      <UniqueIdentifier>{dac0b996-092b-4e20-9737-90abaaa0dc68}</UniqueIdentifier>
    </Filter>
    <Filter Include="Pliki źródłowe\LOG">
      <UniqueIdentifier>{9f6e6e92-7aae-45e2-b933-a5638aee9645}</UniqueIdentifier>
    </Filter>
    <Filter Include="Pliki źródłowe\FileSupport">
      <UniqueIdentifier>{1c8206a9-4989-4f74-b13c-e64caedbf2a4}</UniqueIdentifier>
    </Filter>
    <Filter Include="Pliki źródłowe\Abstract">
      <UniqueIdentifier>{6a8c45e6-82bc-4fcd-89e3-131c8abc2e2d}</UniqueIdentifier>
    </Filter>
    <Filter Include="Pliki źródłowe\Factory">
      <UniqueIdentifier>{fc127152-de3b-4c33-bd76-3ed5a4ca3ad4}</UniqueIdentifier>
    </Filter>
  </ItemGroup>
  <ItemGroup>
    <ClCompile Include="main.cpp">
      <Filter>Pliki źródłowe</Filter>
    </ClCompile>
    <ClCompile Include="Sort\SortTypes\BubbleSort.cpp">
      <Filter>Pliki źródłowe\Sort\SortTypes</Filter>
    </ClCompile>
    <ClCompile Include="Sort\SortManager.cpp">
      <Filter>Pliki źródłowe\Sort</Filter>
    </ClCompile>
    <ClCompile Include="FileSupport\FileHandler.cpp">
      <Filter>Pliki źródłowe\FileSupport</Filter>
    </ClCompile>
  </ItemGroup>
  <ItemGroup>
    <ClInclude Include="AdditionalTypes.h">
      <Filter>Pliki źródłowe</Filter>
    </ClInclude>
    <ClInclude Include="Sort\SortTypes\BubbleSort.h">
      <Filter>Pliki źródłowe\Sort\SortTypes</Filter>
    </ClInclude>
    <ClInclude Include="Sort\SortManager.h">
      <Filter>Pliki źródłowe\Sort</Filter>
    </ClInclude>
    <ClInclude Include="LOG\Logs.h">
      <Filter>Pliki źródłowe\LOG</Filter>
    </ClInclude>
    <ClInclude Include="FileSupport\FileHandler.h">
      <Filter>Pliki źródłowe\FileSupport</Filter>
    </ClInclude>
    <ClInclude Include="Abstract\AbstractSort.h">
      <Filter>Pliki źródłowe\Abstract</Filter>
    </ClInclude>
    <ClInclude Include="Abstract\AbstractFactory.h">
      <Filter>Pliki źródłowe\Abstract</Filter>
    </ClInclude>
    <ClInclude Include="Factory\SortFactory.h">
      <Filter>Pliki źródłowe\Factory</Filter>
    </ClInclude>
  </ItemGroup>
  <ItemGroup>
    <Text Include="Factory\SortFactory.cpp">
      <Filter>Pliki źródłowe\Factory</Filter>
    </Text>
    <Text Include="CMakeLists.txt">
      <Filter>Pliki źródłowe</Filter>
    </Text>
  </ItemGroup>
</Project>